
Microsoft Visual Studio Solution File, Format Version 12.00
# Visual Studio 15
VisualStudioVersion = 15.0.26730.3
MinimumVisualStudioVersion = 10.0.40219.1
Project("{9A19103F-16F7-4668-BE54-9A1E7A4F7556}") = "KdtHelper.Core", "KdtHelper\KdtHelper.Core.csproj", "{C263D559-72B8-42FF-B33E-2AC94A4F3585}"
EndProject
Project("{9A19103F-16F7-4668-BE54-9A1E7A4F7556}") = "KdtHelper.Common", "KdtHelper.Common\KdtHelper.Common.csproj", "{182A4B09-031C-4782-8A59-CB39C1DDCC16}"
EndProject
Project("{9A19103F-16F7-4668-BE54-9A1E7A4F7556}") = "KdtHelper.Test", "KdtHelper.Test\KdtHelper.Test.csproj", "{C9B4752E-0473-4B6E-B2D9-6E0F328B1F6F}"
EndProject
Project("{9A19103F-16F7-4668-BE54-9A1E7A4F7556}") = "CTP.Handles", "CTP.Handles\CTP.Handles.csproj", "{08A9D961-E478-497B-B0CE-0301ADA86475}"
EndProject
Project("{9A19103F-16F7-4668-BE54-9A1E7A4F7556}") = "CTP.API", "CTP.API\CTP.API.csproj", "{8129BE5C-5F06-4C12-83B4-922CDBF29F9C}"
EndProject
Global
	GlobalSection(SolutionConfigurationPlatforms) = preSolution
		Debug|Any CPU = Debug|Any CPU
		Release|Any CPU = Release|Any CPU
	EndGlobalSection
	GlobalSection(ProjectConfigurationPlatforms) = postSolution
		{C263D559-72B8-42FF-B33E-2AC94A4F3585}.Debug|Any CPU.ActiveCfg = Debug|Any CPU
		{C263D559-72B8-42FF-B33E-2AC94A4F3585}.Debug|Any CPU.Build.0 = Debug|Any CPU
		{C263D559-72B8-42FF-B33E-2AC94A4F3585}.Release|Any CPU.ActiveCfg = Release|Any CPU
		{C263D559-72B8-42FF-B33E-2AC94A4F3585}.Release|Any CPU.Build.0 = Release|Any CPU
		{182A4B09-031C-4782-8A59-CB39C1DDCC16}.Debug|Any CPU.ActiveCfg = Debug|Any CPU
		{182A4B09-031C-4782-8A59-CB39C1DDCC16}.Debug|Any CPU.Build.0 = Debug|Any CPU
		{182A4B09-031C-4782-8A59-CB39C1DDCC16}.Release|Any CPU.ActiveCfg = Release|Any CPU
		{182A4B09-031C-4782-8A59-CB39C1DDCC16}.Release|Any CPU.Build.0 = Release|Any CPU
		{C9B4752E-0473-4B6E-B2D9-6E0F328B1F6F}.Debug|Any CPU.ActiveCfg = Debug|Any CPU
		{C9B4752E-0473-4B6E-B2D9-6E0F328B1F6F}.Debug|Any CPU.Build.0 = Debug|Any CPU
		{C9B4752E-0473-4B6E-B2D9-6E0F328B1F6F}.Release|Any CPU.ActiveCfg = Release|Any CPU
		{C9B4752E-0473-4B6E-B2D9-6E0F328B1F6F}.Release|Any CPU.Build.0 = Release|Any CPU
		{08A9D961-E478-497B-B0CE-0301ADA86475}.Debug|Any CPU.ActiveCfg = Debug|Any CPU
		{08A9D961-E478-497B-B0CE-0301ADA86475}.Debug|Any CPU.Build.0 = Debug|Any CPU
		{08A9D961-E478-497B-B0CE-0301ADA86475}.Release|Any CPU.ActiveCfg = Release|Any CPU
		{08A9D961-E478-497B-B0CE-0301ADA86475}.Release|Any CPU.Build.0 = Release|Any CPU
		{8129BE5C-5F06-4C12-83B4-922CDBF29F9C}.Debug|Any CPU.ActiveCfg = Debug|Any CPU
		{8129BE5C-5F06-4C12-83B4-922CDBF29F9C}.Debug|Any CPU.Build.0 = Debug|Any CPU
		{8129BE5C-5F06-4C12-83B4-922CDBF29F9C}.Release|Any CPU.ActiveCfg = Release|Any CPU
		{8129BE5C-5F06-4C12-83B4-922CDBF29F9C}.Release|Any CPU.Build.0 = Release|Any CPU
	EndGlobalSection
	GlobalSection(SolutionProperties) = preSolution
		HideSolutionNode = FALSE
	EndGlobalSection
	GlobalSection(ExtensibilityGlobals) = postSolution
		SolutionGuid = {B37CB06A-1F27-478B-93C8-CCFF6BED70BA}
	EndGlobalSection
EndGlobal
